
Microsoft Visual Studio Solution File, Format Version 12.00
# Visual Studio Version 17
VisualStudioVersion = 17.11.35219.272
MinimumVisualStudioVersion = 10.0.40219.1
Project("{FAE04EC0-301F-11D3-BF4B-00C04F79EFBC}") = "Inlämningsuppgifter -Loopar.4.5", "Inlämningsuppgifter -Loopar.4.5\Inlämningsuppgifter -Loopar.4.5.csproj", "{3190B232-60BB-4B5D-B2FE-70E1EAF88D73}"
EndProject
Global
	GlobalSection(SolutionConfigurationPlatforms) = preSolution
		Debug|Any CPU = Debug|Any CPU
		Release|Any CPU = Release|Any CPU
	EndGlobalSection
	GlobalSection(ProjectConfigurationPlatforms) = postSolution
		{3190B232-60BB-4B5D-B2FE-70E1EAF88D73}.Debug|Any CPU.ActiveCfg = Debug|Any CPU
		{3190B232-60BB-4B5D-B2FE-70E1EAF88D73}.Debug|Any CPU.Build.0 = Debug|Any CPU
		{3190B232-60BB-4B5D-B2FE-70E1EAF88D73}.Release|Any CPU.ActiveCfg = Release|Any CPU
		{3190B232-60BB-4B5D-B2FE-70E1EAF88D73}.Release|Any CPU.Build.0 = Release|Any CPU
	EndGlobalSection
	GlobalSection(SolutionProperties) = preSolution
		HideSolutionNode = FALSE
	EndGlobalSection
	GlobalSection(ExtensibilityGlobals) = postSolution
		SolutionGuid = {530772CF-E9DA-4A01-A8AE-5255B85D25D5}
	EndGlobalSection
EndGlobal
